
Microsoft Visual Studio Solution File, Format Version 12.00
# Visual Studio Version 16
VisualStudioVersion = 16.0.31402.337
MinimumVisualStudioVersion = 10.0.40219.1
Project("{9A19103F-16F7-4668-BE54-9A1E7A4F7556}") = "MyTimerTest", "MyTimerTest\MyTimerTest.csproj", "{436EEE2D-6697-4CCA-8F1F-D7CC5D9DB8E5}"
EndProject
Project("{FAE04EC0-301F-11D3-BF4B-00C04F79EFBC}") = "QueueReceiver", "QueueReceiver\QueueReceiver.csproj", "{36C51EFE-3D9A-453A-8C0F-28A3FE4462D8}"
EndProject
Global
	GlobalSection(SolutionConfigurationPlatforms) = preSolution
		Debug|Any CPU = Debug|Any CPU
		Release|Any CPU = Release|Any CPU
	EndGlobalSection
	GlobalSection(ProjectConfigurationPlatforms) = postSolution
		{436EEE2D-6697-4CCA-8F1F-D7CC5D9DB8E5}.Debug|Any CPU.ActiveCfg = Debug|Any CPU
		{436EEE2D-6697-4CCA-8F1F-D7CC5D9DB8E5}.Debug|Any CPU.Build.0 = Debug|Any CPU
		{436EEE2D-6697-4CCA-8F1F-D7CC5D9DB8E5}.Release|Any CPU.ActiveCfg = Release|Any CPU
		{436EEE2D-6697-4CCA-8F1F-D7CC5D9DB8E5}.Release|Any CPU.Build.0 = Release|Any CPU
		{36C51EFE-3D9A-453A-8C0F-28A3FE4462D8}.Debug|Any CPU.ActiveCfg = Debug|Any CPU
		{36C51EFE-3D9A-453A-8C0F-28A3FE4462D8}.Debug|Any CPU.Build.0 = Debug|Any CPU
		{36C51EFE-3D9A-453A-8C0F-28A3FE4462D8}.Release|Any CPU.ActiveCfg = Release|Any CPU
		{36C51EFE-3D9A-453A-8C0F-28A3FE4462D8}.Release|Any CPU.Build.0 = Release|Any CPU
	EndGlobalSection
	GlobalSection(SolutionProperties) = preSolution
		HideSolutionNode = FALSE
	EndGlobalSection
	GlobalSection(ExtensibilityGlobals) = postSolution
		SolutionGuid = {0B1305E1-68C2-487C-9B64-1EEFBC1D8C2F}
	EndGlobalSection
EndGlobal
